
Microsoft Visual Studio Solution File, Format Version 11.00
# Visual Studio 2010
Project("{FAE04EC0-301F-11D3-BF4B-00C04F79EFBC}") = "Brew Buddy", "BrewingApp\Brew Buddy.csproj", "{9CB4A5B0-53C6-4262-A117-5258AD648992}"
EndProject
Project("{2150E333-8FDC-42A3-9474-1A3956D46DE8}") = ".nuget", ".nuget", "{87A2908C-29A7-4248-925C-9543FB3599FE}"
EndProject
Global
	GlobalSection(SolutionConfigurationPlatforms) = preSolution
		Debug|Any CPU = Debug|Any CPU
		Release|Any CPU = Release|Any CPU
	EndGlobalSection
	GlobalSection(ProjectConfigurationPlatforms) = postSolution
		{9CB4A5B0-53C6-4262-A117-5258AD648992}.Debug|Any CPU.ActiveCfg = Debug|Any CPU
		{9CB4A5B0-53C6-4262-A117-5258AD648992}.Debug|Any CPU.Build.0 = Debug|Any CPU
		{9CB4A5B0-53C6-4262-A117-5258AD648992}.Debug|Any CPU.Deploy.0 = Debug|Any CPU
		{9CB4A5B0-53C6-4262-A117-5258AD648992}.Release|Any CPU.ActiveCfg = Release|Any CPU
		{9CB4A5B0-53C6-4262-A117-5258AD648992}.Release|Any CPU.Build.0 = Release|Any CPU
		{9CB4A5B0-53C6-4262-A117-5258AD648992}.Release|Any CPU.Deploy.0 = Release|Any CPU
	EndGlobalSection
	GlobalSection(SolutionProperties) = preSolution
		HideSolutionNode = FALSE
	EndGlobalSection
EndGlobal
